
Microsoft Visual Studio Solution File, Format Version 12.00
# Visual Studio 15
VisualStudioVersion = 15.0.28307.1525
MinimumVisualStudioVersion = 10.0.40219.1
Project("{FAE04EC0-301F-11D3-BF4B-00C04F79EFBC}") = "MaxMuscleGym", "MaxMuscleGym\MaxMuscleGym.csproj", "{2997AB86-6ADA-4BDB-B3F0-BC983D581EFD}"
EndProject
Global
	GlobalSection(SolutionConfigurationPlatforms) = preSolution
		Debug|Any CPU = Debug|Any CPU
		Release|Any CPU = Release|Any CPU
	EndGlobalSection
	GlobalSection(ProjectConfigurationPlatforms) = postSolution
		{2997AB86-6ADA-4BDB-B3F0-BC983D581EFD}.Debug|Any CPU.ActiveCfg = Debug|Any CPU
		{2997AB86-6ADA-4BDB-B3F0-BC983D581EFD}.Debug|Any CPU.Build.0 = Debug|Any CPU
		{2997AB86-6ADA-4BDB-B3F0-BC983D581EFD}.Release|Any CPU.ActiveCfg = Release|Any CPU
		{2997AB86-6ADA-4BDB-B3F0-BC983D581EFD}.Release|Any CPU.Build.0 = Release|Any CPU
	EndGlobalSection
	GlobalSection(SolutionProperties) = preSolution
		HideSolutionNode = FALSE
	EndGlobalSection
	GlobalSection(ExtensibilityGlobals) = postSolution
		SolutionGuid = {12C04F81-4C9F-4E39-9605-EC82B51A8668}
	EndGlobalSection
EndGlobal
